
Microsoft Visual Studio Solution File, Format Version 12.00
# Visual Studio 15
VisualStudioVersion = 15.0.28307.902
MinimumVisualStudioVersion = 10.0.40219.1
Project("{9092AA53-FB77-4645-B42D-1CCCA6BD08BD}") = "YelpCamp", "YelpCamp\YelpCamp.njsproj", "{5E7876CD-F0E6-4A68-8C90-13C4497DF742}"
EndProject
Global
	GlobalSection(SolutionConfigurationPlatforms) = preSolution
		Debug|Any CPU = Debug|Any CPU
		Release|Any CPU = Release|Any CPU
	EndGlobalSection
	GlobalSection(ProjectConfigurationPlatforms) = postSolution
		{5E7876CD-F0E6-4A68-8C90-13C4497DF742}.Debug|Any CPU.ActiveCfg = Debug|Any CPU
		{5E7876CD-F0E6-4A68-8C90-13C4497DF742}.Debug|Any CPU.Build.0 = Debug|Any CPU
		{5E7876CD-F0E6-4A68-8C90-13C4497DF742}.Release|Any CPU.ActiveCfg = Release|Any CPU
		{5E7876CD-F0E6-4A68-8C90-13C4497DF742}.Release|Any CPU.Build.0 = Release|Any CPU
	EndGlobalSection
	GlobalSection(SolutionProperties) = preSolution
		HideSolutionNode = FALSE
	EndGlobalSection
	GlobalSection(ExtensibilityGlobals) = postSolution
		SolutionGuid = {067C7CBA-D3B8-44C0-B9D4-3EE0620A5203}
	EndGlobalSection
EndGlobal
